
Microsoft Visual Studio Solution File, Format Version 12.00
# Visual Studio Version 17
VisualStudioVersion = 17.4.33213.308
MinimumVisualStudioVersion = 10.0.40219.1
Project("{888888A0-9F3D-457C-B088-3A5042F75D52}") = "PyWeather", "PyWeather.pyproj", "{3A9185CB-8820-4DDF-BD40-8157EC652EAB}"
EndProject
Global
	GlobalSection(SolutionConfigurationPlatforms) = preSolution
		Debug|Any CPU = Debug|Any CPU
		Release|Any CPU = Release|Any CPU
	EndGlobalSection
	GlobalSection(ProjectConfigurationPlatforms) = postSolution
		{3A9185CB-8820-4DDF-BD40-8157EC652EAB}.Debug|Any CPU.ActiveCfg = Debug|Any CPU
		{3A9185CB-8820-4DDF-BD40-8157EC652EAB}.Release|Any CPU.ActiveCfg = Release|Any CPU
	EndGlobalSection
	GlobalSection(SolutionProperties) = preSolution
		HideSolutionNode = FALSE
	EndGlobalSection
	GlobalSection(ExtensibilityGlobals) = postSolution
		SolutionGuid = {CC33258B-8F1F-45AD-A607-0E79C6264874}
	EndGlobalSection
EndGlobal
